{
  "name": "politburo-ui",
  "version": "1.0.0",
  "lockfileVersion": 3,
  "requires": true,
  "packages": {
    "": {
      "name": "politburo-ui",
      "version": "1.0.0",
      "dependencies": {
        "gleo": "^1.1.0"
      }
    },
    "node_modules/gleo": {
      "version": "1.1.0",
      "resolved": "https://registry.npmjs.org/gleo/-/gleo-1.1.0.tgz",
      "integrity": "sha512-jS3zpzBpGYnBGCqAG8Z67Ir9FcWSCKIMGPd7ebrmf1j7RgsBrW5TtF5+q3bquiTuTCGnHFY4x2XhnpTirZ0zWA==",
      "license": "GPL-3.0"
    }
  }
}
